
Microsoft Visual Studio Solution File, Format Version 12.00
# Visual Studio 14
VisualStudioVersion = 14.0.23107.0
MinimumVisualStudioVersion = 10.0.40219.1
Project("{FAE04EC0-301F-11D3-BF4B-00C04F79EFBC}") = "RandomColorSample", "RandomColorSample\RandomColorSample.csproj", "{C6E267A7-8DEF-4D79-B1F9-1C1BD5821AA0}"
EndProject
Project("{FAE04EC0-301F-11D3-BF4B-00C04F79EFBC}") = "RandomColorGenerator.WPF", "RandomColor\RandomColorGenerator.WPF.csproj", "{41242DDF-A3E9-4E12-953B-462AC90176C5}"
EndProject
Project("{FAE04EC0-301F-11D3-BF4B-00C04F79EFBC}") = "RandomColorGenerator.Forms", "RandomColor\RandomColorGenerator.Forms.csproj", "{0C3D43F9-E1AD-456C-BE6C-43AFAA369E23}"
EndProject
Global
	GlobalSection(SolutionConfigurationPlatforms) = preSolution
		Debug|x86 = Debug|x86
		Release|x86 = Release|x86
	EndGlobalSection
	GlobalSection(ProjectConfigurationPlatforms) = postSolution
		{C6E267A7-8DEF-4D79-B1F9-1C1BD5821AA0}.Debug|x86.ActiveCfg = Debug|x86
		{C6E267A7-8DEF-4D79-B1F9-1C1BD5821AA0}.Debug|x86.Build.0 = Debug|x86
		{C6E267A7-8DEF-4D79-B1F9-1C1BD5821AA0}.Release|x86.ActiveCfg = Release|x86
		{C6E267A7-8DEF-4D79-B1F9-1C1BD5821AA0}.Release|x86.Build.0 = Release|x86
		{41242DDF-A3E9-4E12-953B-462AC90176C5}.Debug|x86.ActiveCfg = Debug|x86
		{41242DDF-A3E9-4E12-953B-462AC90176C5}.Debug|x86.Build.0 = Debug|x86
		{41242DDF-A3E9-4E12-953B-462AC90176C5}.Release|x86.ActiveCfg = Release|x86
		{41242DDF-A3E9-4E12-953B-462AC90176C5}.Release|x86.Build.0 = Release|x86
		{0C3D43F9-E1AD-456C-BE6C-43AFAA369E23}.Debug|x86.ActiveCfg = Debug|x86
		{0C3D43F9-E1AD-456C-BE6C-43AFAA369E23}.Debug|x86.Build.0 = Debug|x86
		{0C3D43F9-E1AD-456C-BE6C-43AFAA369E23}.Release|x86.ActiveCfg = Release|x86
		{0C3D43F9-E1AD-456C-BE6C-43AFAA369E23}.Release|x86.Build.0 = Release|x86
	EndGlobalSection
	GlobalSection(SolutionProperties) = preSolution
		HideSolutionNode = FALSE
	EndGlobalSection
EndGlobal
